// !$*UTF8*$!
{
	archiveVersion = 1;
	classes = {
	};
	objectVersion = 56;
	objects = {

/* Begin PBXBuildFile section */
		7818E22E2C56E9B6008935B5 /* riddle.json in Resources */ = {isa = PBXBuildFile; fileRef = 7818E22D2C56E9B6008935B5 /* riddle.json */; };
		7818E2302C56EA42008935B5 /* Riddle.swift in Sources */ = {isa = PBXBuildFile; fileRef = 7818E22F2C56EA42008935B5 /* Riddle.swift */; };
		78C5AB282C53F9BC008A9439 /* AppDelegate.swift in Sources */ = {isa = PBXBuildFile; fileRef = 78C5AB272C53F9BC008A9439 /* AppDelegate.swift */; };
		78C5AB2A2C53F9BC008A9439 /* SceneDelegate.swift in Sources */ = {isa = PBXBuildFile; fileRef = 78C5AB292C53F9BC008A9439 /* SceneDelegate.swift */; };
		78C5AB2C2C53F9BC008A9439 /* ViewController.swift in Sources */ = {isa = PBXBuildFile; fileRef = 78C5AB2B2C53F9BC008A9439 /* ViewController.swift */; };
		78C5AB2F2C53F9BC008A9439 /* Main.storyboard in Resources */ = {isa = PBXBuildFile; fileRef = 78C5AB2D2C53F9BC008A9439 /* Main.storyboard */; };
		78C5AB312C53F9BE008A9439 /* Assets.xcassets in Resources */ = {isa = PBXBuildFile; fileRef = 78C5AB302C53F9BE008A9439 /* Assets.xcassets */; };
		78C5AB342C53F9BE008A9439 /* LaunchScreen.storyboard in Resources */ = {isa = PBXBuildFile; fileRef = 78C5AB322C53F9BE008A9439 /* LaunchScreen.storyboard */; };
/* End PBXBuildFile section */

/* Begin PBXFileReference section */
		7818E22D2C56E9B6008935B5 /* riddle.json */ = {isa = PBXFileReference; fileEncoding = 4; lastKnownFileType = text.json; path = riddle.json; sourceTree = "<group>"; };
		7818E22F2C56EA42008935B5 /* Riddle.swift */ = {isa = PBXFileReference; lastKnownFileType = sourcecode.swift; path = Riddle.swift; sourceTree = "<group>"; };
		78C5AB242C53F9BC008A9439 /* KidsRiddle.app */ = {isa = PBXFileReference; explicitFileType = wrapper.application; includeInIndex = 0; path = KidsRiddle.app; sourceTree = BUILT_PRODUCTS_DIR; };
		78C5AB272C53F9BC008A9439 /* AppDelegate.swift */ = {isa = PBXFileReference; lastKnownFileType = sourcecode.swift; path = AppDelegate.swift; sourceTree = "<group>"; };
		78C5AB292C53F9BC008A9439 /* SceneDelegate.swift */ = {isa = PBXFileReference; lastKnownFileType = sourcecode.swift; path = SceneDelegate.swift; sourceTree = "<group>"; };
		78C5AB2B2C53F9BC008A9439 /* ViewController.swift */ = {isa = PBXFileReference; lastKnownFileType = sourcecode.swift; path = ViewController.swift; sourceTree = "<group>"; };
		78C5AB2E2C53F9BC008A9439 /* Base */ = {isa = PBXFileReference; lastKnownFileType = file.storyboard; name = Base; path = Base.lproj/Main.storyboard; sourceTree = "<group>"; };
		78C5AB302C53F9BE008A9439 /* Assets.xcassets */ = {isa = PBXFileReference; lastKnownFileType = folder.assetcatalog; path = Assets.xcassets; sourceTree = "<group>"; };
		78C5AB332C53F9BE008A9439 /* Base */ = {isa = PBXFileReference; lastKnownFileType = file.storyboard; name = Base; path = Base.lproj/LaunchScreen.storyboard; sourceTree = "<group>"; };
		78C5AB352C53F9BE008A9439 /* Info.plist */ = {isa = PBXFileReference; lastKnownFileType = text.plist.xml; path = Info.plist; sourceTree = "<group>"; };
/* End PBXFileReference section */

/* Begin PBXFrameworksBuildPhase section */
		78C5AB212C53F9BC008A9439 /* Frameworks */ = {
			isa = PBXFrameworksBuildPhase;
			buildActionMask = 2147483647;
			files = (
			);
			runOnlyForDeploymentPostprocessing = 0;
		};
/* End PBXFrameworksBuildPhase section */

/* Begin PBXGroup section */
		78C5AB1B2C53F9BC008A9439 = {
			isa = PBXGroup;
			children = (
				78C5AB262C53F9BC008A9439 /* KidsRiddle */,
				78C5AB252C53F9BC008A9439 /* Products */,
			);
			sourceTree = "<group>";
		};
		78C5AB252C53F9BC008A9439 /* Products */ = {
			isa = PBXGroup;
			children = (
				78C5AB242C53F9BC008A9439 /* KidsRiddle.app */,
			);
			name = Products;
			sourceTree = "<group>";
		};
		78C5AB262C53F9BC008A9439 /* KidsRiddle */ = {
			isa = PBXGroup;
			children = (
				78C5AB272C53F9BC008A9439 /* AppDelegate.swift */,
				78C5AB292C53F9BC008A9439 /* SceneDelegate.swift */,
				78C5AB2B2C53F9BC008A9439 /* ViewController.swift */,
				78C5AB2D2C53F9BC008A9439 /* Main.storyboard */,
				78C5AB302C53F9BE008A9439 /* Assets.xcassets */,
				78C5AB322C53F9BE008A9439 /* LaunchScreen.storyboard */,
				78C5AB352C53F9BE008A9439 /* Info.plist */,
				7818E22D2C56E9B6008935B5 /* riddle.json */,
				7818E22F2C56EA42008935B5 /* Riddle.swift */,
			);
			path = KidsRiddle;
			sourceTree = "<group>";
		};
/* End PBXGroup section */

/* Begin PBXNativeTarget section */
		78C5AB232C53F9BC008A9439 /* KidsRiddle */ = {
			isa = PBXNativeTarget;
			buildConfigurationList = 78C5AB382C53F9BE008A9439 /* Build configuration list for PBXNativeTarget "KidsRiddle" */;
			buildPhases = (
				78C5AB202C53F9BC008A9439 /* Sources */,
				78C5AB212C53F9BC008A9439 /* Frameworks */,
				78C5AB222C53F9BC008A9439 /* Resources */,
			);
			buildRules = (
			);
			dependencies = (
			);
			name = KidsRiddle;
			productName = KidsRiddle;
			productReference = 78C5AB242C53F9BC008A9439 /* KidsRiddle.app */;
			productType = "com.apple.product-type.application";
		};
/* End PBXNativeTarget section */

/* Begin PBXProject section */
		78C5AB1C2C53F9BC008A9439 /* Project object */ = {
			isa = PBXProject;
			attributes = {
				BuildIndependentTargetsInParallel = 1;
				LastSwiftUpdateCheck = 1500;
				LastUpgradeCheck = 1500;
				TargetAttributes = {
					78C5AB232C53F9BC008A9439 = {
						CreatedOnToolsVersion = 15.0.1;
					};
				};
			};
			buildConfigurationList = 78C5AB1F2C53F9BC008A9439 /* Build configuration list for PBXProject "KidsRiddle" */;
			compatibilityVersion = "Xcode 14.0";
			developmentRegion = en;
			hasScannedForEncodings = 0;
			knownRegions = (
				en,
				Base,
			);
			mainGroup = 78C5AB1B2C53F9BC008A9439;
			productRefGroup = 78C5AB252C53F9BC008A9439 /* Products */;
			projectDirPath = "";
			projectRoot = "";
			targets = (
				78C5AB232C53F9BC008A9439 /* KidsRiddle */,
			);
		};
/* End PBXProject section */

/* Begin PBXResourcesBuildPhase section */
		78C5AB222C53F9BC008A9439 /* Resources */ = {
			isa = PBXResourcesBuildPhase;
			buildActionMask = 2147483647;
			files = (
				78C5AB342C53F9BE008A9439 /* LaunchScreen.storyboard in Resources */,
				78C5AB312C53F9BE008A9439 /* Assets.xcassets in Resources */,
				78C5AB2F2C53F9BC008A9439 /* Main.storyboard in Resources */,
				7818E22E2C56E9B6008935B5 /* riddle.json in Resources */,
			);
			runOnlyForDeploymentPostprocessing = 0;
		};
/* End PBXResourcesBuildPhase section */

/* Begin PBXSourcesBuildPhase section */
		78C5AB202C53F9BC008A9439 /* Sources */ = {
			isa = PBXSourcesBuildPhase;
			buildActionMask = 2147483647;
			files = (
				78C5AB2C2C53F9BC008A9439 /* ViewController.swift in Sources */,
				78C5AB282C53F9BC008A9439 /* AppDelegate.swift in Sources */,
				78C5AB2A2C53F9BC008A9439 /* SceneDelegate.swift in Sources */,
				7818E2302C56EA42008935B5 /* Riddle.swift in Sources */,
			);
			runOnlyForDeploymentPostprocessing = 0;
		};
/* End PBXSourcesBuildPhase section */

/* Begin PBXVariantGroup section */
		78C5AB2D2C53F9BC008A9439 /* Main.storyboard */ = {
			isa = PBXVariantGroup;
			children = (
				78C5AB2E2C53F9BC008A9439 /* Base */,
			);
			name = Main.storyboard;
			sourceTree = "<group>";
		};
		78C5AB322C53F9BE008A9439 /* LaunchScreen.storyboard */ = {
			isa = PBXVariantGroup;
			children = (
				78C5AB332C53F9BE008A9439 /* Base */,
			);
			name = LaunchScreen.storyboard;
			sourceTree = "<group>";
		};
/* End PBXVariantGroup section */

/* Begin XCBuildConfiguration section */
		78C5AB362C53F9BE008A9439 /* Debug */ = {
			isa = XCBuildConfiguration;
			buildSettings = {
				ALWAYS_SEARCH_USER_PATHS = NO;
				ASSETCATALOG_COMPILER_GENERATE_SWIFT_ASSET_SYMBOL_EXTENSIONS = YES;
				CLANG_ANALYZER_NONNULL = YES;
				CLANG_ANALYZER_NUMBER_OBJECT_CONVERSION = YES_AGGRESSIVE;
				CLANG_CXX_LANGUAGE_STANDARD = "gnu++20";
				CLANG_ENABLE_MODULES = YES;
				CLANG_ENABLE_OBJC_ARC = YES;
				CLANG_ENABLE_OBJC_WEAK = YES;
				CLANG_WARN_BLOCK_CAPTURE_AUTORELEASING = YES;
				CLANG_WARN_BOOL_CONVERSION = YES;
				CLANG_WARN_COMMA = YES;
				CLANG_WARN_CONSTANT_CONVERSION = YES;
				CLANG_WARN_DEPRECATED_OBJC_IMPLEMENTATIONS = YES;
				CLANG_WARN_DIRECT_OBJC_ISA_USAGE = YES_ERROR;
				CLANG_WARN_DOCUMENTATION_COMMENTS = YES;
				CLANG_WARN_EMPTY_BODY = YES;
				CLANG_WARN_ENUM_CONVERSION = YES;
				CLANG_WARN_INFINITE_RECURSION = YES;
				CLANG_WARN_INT_CONVERSION = YES;
				CLANG_WARN_NON_LITERAL_NULL_CONVERSION = YES;
				CLANG_WARN_OBJC_IMPLICIT_RETAIN_SELF = YES;
				CLANG_WARN_OBJC_LITERAL_CONVERSION = YES;
				CLANG_WARN_OBJC_ROOT_CLASS = YES_ERROR;
				CLANG_WARN_QUOTED_INCLUDE_IN_FRAMEWORK_HEADER = YES;
				CLANG_WARN_RANGE_LOOP_ANALYSIS = YES;
				CLANG_WARN_STRICT_PROTOTYPES = YES;
				CLANG_WARN_SUSPICIOUS_MOVE = YES;
				CLANG_WARN_UNGUARDED_AVAILABILITY = YES_AGGRESSIVE;
				CLANG_WARN_UNREACHABLE_CODE = YES;
				CLANG_WARN__DUPLICATE_METHOD_MATCH = YES;
				COPY_PHASE_STRIP = NO;
				DEBUG_INFORMATION_FORMAT = dwarf;
				ENABLE_STRICT_OBJC_MSGSEND = YES;
				ENABLE_TESTABILITY = YES;
				ENABLE_USER_SCRIPT_SANDBOXING = YES;
				GCC_C_LANGUAGE_STANDARD = gnu17;
				GCC_DYNAMIC_NO_PIC = NO;
				GCC_NO_COMMON_BLOCKS = YES;
				GCC_OPTIMIZATION_LEVEL = 0;
				GCC_PREPROCESSOR_DEFINITIONS = (
					"DEBUG=1",
					"$(inherited)",
				);
				GCC_WARN_64_TO_32_BIT_CONVERSION = YES;
				GCC_WARN_ABOUT_RETURN_TYPE = YES_ERROR;
				GCC_WARN_UNDECLARED_SELECTOR = YES;
				GCC_WARN_UNINITIALIZED_AUTOS = YES_AGGRESSIVE;
				GCC_WARN_UNUSED_FUNCTION = YES;
				GCC_WARN_UNUSED_VARIABLE = YES;
				IPHONEOS_DEPLOYMENT_TARGET = 17.0;
				LOCALIZATION_PREFERS_STRING_CATALOGS = YES;
				MTL_ENABLE_DEBUG_INFO = INCLUDE_SOURCE;
				MTL_FAST_MATH = YES;
				ONLY_ACTIVE_ARCH = YES;
				SDKROOT = iphoneos;
				SWIFT_ACTIVE_COMPILATION_CONDITIONS = "DEBUG $(inherited)";
				SWIFT_OPTIMIZATION_LEVEL = "-Onone";
			};
			name = Debug;
		};
		78C5AB372C53F9BE008A9439 /* Release */ = {
			isa = XCBuildConfiguration;
			buildSettings = {
				ALWAYS_SEARCH_USER_PATHS = NO;
				ASSETCATALOG_COMPILER_GENERATE_SWIFT_ASSET_SYMBOL_EXTENSIONS = YES;
				CLANG_ANALYZER_NONNULL = YES;
				CLANG_ANALYZER_NUMBER_OBJECT_CONVERSION = YES_AGGRESSIVE;
				CLANG_CXX_LANGUAGE_STANDARD = "gnu++20";
				CLANG_ENABLE_MODULES = YES;
				CLANG_ENABLE_OBJC_ARC = YES;
				CLANG_ENABLE_OBJC_WEAK = YES;
				CLANG_WARN_BLOCK_CAPTURE_AUTORELEASING = YES;
				CLANG_WARN_BOOL_CONVERSION = YES;
				CLANG_WARN_COMMA = YES;
				CLANG_WARN_CONSTANT_CONVERSION = YES;
				CLANG_WARN_DEPRECATED_OBJC_IMPLEMENTATIONS = YES;
				CLANG_WARN_DIRECT_OBJC_ISA_USAGE = YES_ERROR;
				CLANG_WARN_DOCUMENTATION_COMMENTS = YES;
				CLANG_WARN_EMPTY_BODY = YES;
				CLANG_WARN_ENUM_CONVERSION = YES;
				CLANG_WARN_INFINITE_RECURSION = YES;
				CLANG_WARN_INT_CONVERSION = YES;
				CLANG_WARN_NON_LITERAL_NULL_CONVERSION = YES;
				CLANG_WARN_OBJC_IMPLICIT_RETAIN_SELF = YES;
				CLANG_WARN_OBJC_LITERAL_CONVERSION = YES;
				CLANG_WARN_OBJC_ROOT_CLASS = YES_ERROR;
				CLANG_WARN_QUOTED_INCLUDE_IN_FRAMEWORK_HEADER = YES;
				CLANG_WARN_RANGE_LOOP_ANALYSIS = YES;
				CLANG_WARN_STRICT_PROTOTYPES = YES;
				CLANG_WARN_SUSPICIOUS_MOVE = YES;
				CLANG_WARN_UNGUARDED_AVAILABILITY = YES_AGGRESSIVE;
				CLANG_WARN_UNREACHABLE_CODE = YES;
				CLANG_WARN__DUPLICATE_METHOD_MATCH = YES;
				COPY_PHASE_STRIP = NO;
				DEBUG_INFORMATION_FORMAT = "dwarf-with-dsym";
				ENABLE_NS_ASSERTIONS = NO;
				ENABLE_STRICT_OBJC_MSGSEND = YES;
				ENABLE_USER_SCRIPT_SANDBOXING = YES;
				GCC_C_LANGUAGE_STANDARD = gnu17;
				GCC_NO_COMMON_BLOCKS = YES;
				GCC_WARN_64_TO_32_BIT_CONVERSION = YES;
				GCC_WARN_ABOUT_RETURN_TYPE = YES_ERROR;
				GCC_WARN_UNDECLARED_SELECTOR = YES;
				GCC_WARN_UNINITIALIZED_AUTOS = YES_AGGRESSIVE;
				GCC_WARN_UNUSED_FUNCTION = YES;
				GCC_WARN_UNUSED_VARIABLE = YES;
				IPHONEOS_DEPLOYMENT_TARGET = 17.0;
				LOCALIZATION_PREFERS_STRING_CATALOGS = YES;
				MTL_ENABLE_DEBUG_INFO = NO;
				MTL_FAST_MATH = YES;
				SDKROOT = iphoneos;
				SWIFT_COMPILATION_MODE = wholemodule;
				VALIDATE_PRODUCT = YES;
			};
			name = Release;
		};
		78C5AB392C53F9BE008A9439 /* Debug */ = {
			isa = XCBuildConfiguration;
			buildSettings = {
				ASSETCATALOG_COMPILER_APPICON_NAME = AppIcon;
				ASSETCATALOG_COMPILER_GLOBAL_ACCENT_COLOR_NAME = AccentColor;
				CODE_SIGN_STYLE = Automatic;
				CURRENT_PROJECT_VERSION = 1;
				GENERATE_INFOPLIST_FILE = YES;
				INFOPLIST_FILE = KidsRiddle/Info.plist;
				INFOPLIST_KEY_UIApplicationSupportsIndirectInputEvents = YES;
				INFOPLIST_KEY_UILaunchStoryboardName = LaunchScreen;
				INFOPLIST_KEY_UIMainStoryboardFile = Main;
				INFOPLIST_KEY_UISupportedInterfaceOrientations_iPad = "UIInterfaceOrientationPortrait UIInterfaceOrientationPortraitUpsideDown UIInterfaceOrientationLandscapeLeft UIInterfaceOrientationLandscapeRight";
				INFOPLIST_KEY_UISupportedInterfaceOrientations_iPhone = "UIInterfaceOrientationPortrait UIInterfaceOrientationLandscapeLeft UIInterfaceOrientationLandscapeRight";
				LD_RUNPATH_SEARCH_PATHS = (
					"$(inherited)",
					"@executable_path/Frameworks",
				);
				MARKETING_VERSION = 1.0;
				PRODUCT_BUNDLE_IDENTIFIER = eldarkulic.KidsRiddle;
				PRODUCT_NAME = "$(TARGET_NAME)";
				SWIFT_EMIT_LOC_STRINGS = YES;
				SWIFT_VERSION = 5.0;
				TARGETED_DEVICE_FAMILY = "1,2";
			};
			name = Debug;
		};
		78C5AB3A2C53F9BE008A9439 /* Release */ = {
			isa = XCBuildConfiguration;
			buildSettings = {
				ASSETCATALOG_COMPILER_APPICON_NAME = AppIcon;
				ASSETCATALOG_COMPILER_GLOBAL_ACCENT_COLOR_NAME = AccentColor;
				CODE_SIGN_STYLE = Automatic;
				CURRENT_PROJECT_VERSION = 1;
				GENERATE_INFOPLIST_FILE = YES;
				INFOPLIST_FILE = KidsRiddle/Info.plist;
				INFOPLIST_KEY_UIApplicationSupportsIndirectInputEvents = YES;
				INFOPLIST_KEY_UILaunchStoryboardName = LaunchScreen;
				INFOPLIST_KEY_UIMainStoryboardFile = Main;
				INFOPLIST_KEY_UISupportedInterfaceOrientations_iPad = "UIInterfaceOrientationPortrait UIInterfaceOrientationPortraitUpsideDown UIInterfaceOrientationLandscapeLeft UIInterfaceOrientationLandscapeRight";
				INFOPLIST_KEY_UISupportedInterfaceOrientations_iPhone = "UIInterfaceOrientationPortrait UIInterfaceOrientationLandscapeLeft UIInterfaceOrientationLandscapeRight";
				LD_RUNPATH_SEARCH_PATHS = (
					"$(inherited)",
					"@executable_path/Frameworks",
				);
				MARKETING_VERSION = 1.0;
				PRODUCT_BUNDLE_IDENTIFIER = eldarkulic.KidsRiddle;
				PRODUCT_NAME = "$(TARGET_NAME)";
				SWIFT_EMIT_LOC_STRINGS = YES;
				SWIFT_VERSION = 5.0;
				TARGETED_DEVICE_FAMILY = "1,2";
			};
			name = Release;
		};
/* End XCBuildConfiguration section */

/* Begin XCConfigurationList section */
		78C5AB1F2C53F9BC008A9439 /* Build configuration list for PBXProject "KidsRiddle" */ = {
			isa = XCConfigurationList;
			buildConfigurations = (
				78C5AB362C53F9BE008A9439 /* Debug */,
				78C5AB372C53F9BE008A9439 /* Release */,
			);
			defaultConfigurationIsVisible = 0;
			defaultConfigurationName = Release;
		};
		78C5AB382C53F9BE008A9439 /* Build configuration list for PBXNativeTarget "KidsRiddle" */ = {
			isa = XCConfigurationList;
			buildConfigurations = (
				78C5AB392C53F9BE008A9439 /* Debug */,
				78C5AB3A2C53F9BE008A9439 /* Release */,
			);
			defaultConfigurationIsVisible = 0;
			defaultConfigurationName = Release;
		};
/* End XCConfigurationList section */
	};
	rootObject = 78C5AB1C2C53F9BC008A9439 /* Project object */;
}
